{
  "name": "anki-learning-system",
  "version": "1.0.0",
  "lockfileVersion": 3,
  "requires": true,
  "packages": {
    "": {
      "name": "anki-learning-system",
      "version": "1.0.0",
      "license": "MIT",
      "devDependencies": {
        "@cloudbase/cli": "^2.12.7"
      },
      "engines": {
        "node": ">=18.0.0"
      }
    },
    "node_modules/@cloudbase/cli": {
      "version": "2.12.7",
      "resolved": "https://registry.npmjs.org/@cloudbase/cli/-/cli-2.12.7.tgz",
      "integrity": "sha512-ysvM4z1sjDQpPzQgRR2EDCf2XvxbZ+tO8vf449czQGod9X44tUqIAxBZjRCJ3kW1IHlOxuS3+qPqlqyhH+WmzQ==",
      "dev": true,
      "license": "ISC",
      "bin": {
        "cloudbase": "bin/cloudbase",
        "cloudbase-mcp": "bin/cloudbase-mcp",
        "tcb": "bin/tcb"
      }
    }
  }
}
